
Microsoft Visual Studio Solution File, Format Version 12.00
# Visual Studio Version 17
VisualStudioVersion = 17.8.34525.116
MinimumVisualStudioVersion = 10.0.40219.1
Project("{FAE04EC0-301F-11D3-BF4B-00C04F79EFBC}") = "Emote HotKeys", "Emote HotKeys.csproj", "{AABB4F24-A1AC-4486-83E2-15477F2E0757}"
EndProject
Global
	GlobalSection(SolutionConfigurationPlatforms) = preSolution
		Debug|Any CPU = Debug|Any CPU
		Release|Any CPU = Release|Any CPU
	EndGlobalSection
	GlobalSection(ProjectConfigurationPlatforms) = postSolution
		{AABB4F24-A1AC-4486-83E2-15477F2E0757}.Debug|Any CPU.ActiveCfg = Debug|Any CPU
		{AABB4F24-A1AC-4486-83E2-15477F2E0757}.Debug|Any CPU.Build.0 = Debug|Any CPU
		{AABB4F24-A1AC-4486-83E2-15477F2E0757}.Release|Any CPU.ActiveCfg = Release|Any CPU
		{AABB4F24-A1AC-4486-83E2-15477F2E0757}.Release|Any CPU.Build.0 = Release|Any CPU
	EndGlobalSection
	GlobalSection(SolutionProperties) = preSolution
		HideSolutionNode = FALSE
	EndGlobalSection
	GlobalSection(ExtensibilityGlobals) = postSolution
		SolutionGuid = {C473C032-5CD5-44D3-81E4-457A47C2FAB7}
	EndGlobalSection
EndGlobal
